
Microsoft Visual Studio Solution File, Format Version 12.00
# Visual Studio Version 16
VisualStudioVersion = 16.0.29306.81
MinimumVisualStudioVersion = 10.0.40219.1
Project("{9A19103F-16F7-4668-BE54-9A1E7A4F7556}") = "Domain", "Domain\Domain.csproj", "{530B1CE2-A7C3-40C8-A78C-CAA7E8D79B5F}"
EndProject
Project("{9A19103F-16F7-4668-BE54-9A1E7A4F7556}") = "Data", "Data\Data.csproj", "{B43D5A85-1D74-4F13-8431-647D90815283}"
EndProject
Project("{9A19103F-16F7-4668-BE54-9A1E7A4F7556}") = "Services", "Services\Services.csproj", "{57C15A88-10C2-4629-8F8F-88456D8102DD}"
EndProject
Project("{2150E333-8FDC-42A3-9474-1A3956D46DE8}") = "API", "API", "{803BF911-8898-4980-B1E7-1BDED5A44A3D}"
EndProject
Project("{9A19103F-16F7-4668-BE54-9A1E7A4F7556}") = "API.Shared", "API.Shared\API.Shared.csproj", "{D95A91CF-3B5D-4DAC-BBAE-32B89805E0E1}"
EndProject
Project("{9A19103F-16F7-4668-BE54-9A1E7A4F7556}") = "API.Enterprise", "API.Enterprise\API.Enterprise.csproj", "{661F2FA0-B7C8-479D-84ED-F52DDF1CC423}"
EndProject
Global
	GlobalSection(SolutionConfigurationPlatforms) = preSolution
		Debug|Any CPU = Debug|Any CPU
		Release|Any CPU = Release|Any CPU
	EndGlobalSection
	GlobalSection(ProjectConfigurationPlatforms) = postSolution
		{530B1CE2-A7C3-40C8-A78C-CAA7E8D79B5F}.Debug|Any CPU.ActiveCfg = Debug|Any CPU
		{530B1CE2-A7C3-40C8-A78C-CAA7E8D79B5F}.Debug|Any CPU.Build.0 = Debug|Any CPU
		{530B1CE2-A7C3-40C8-A78C-CAA7E8D79B5F}.Release|Any CPU.ActiveCfg = Release|Any CPU
		{530B1CE2-A7C3-40C8-A78C-CAA7E8D79B5F}.Release|Any CPU.Build.0 = Release|Any CPU
		{B43D5A85-1D74-4F13-8431-647D90815283}.Debug|Any CPU.ActiveCfg = Debug|Any CPU
		{B43D5A85-1D74-4F13-8431-647D90815283}.Debug|Any CPU.Build.0 = Debug|Any CPU
		{B43D5A85-1D74-4F13-8431-647D90815283}.Release|Any CPU.ActiveCfg = Release|Any CPU
		{B43D5A85-1D74-4F13-8431-647D90815283}.Release|Any CPU.Build.0 = Release|Any CPU
		{57C15A88-10C2-4629-8F8F-88456D8102DD}.Debug|Any CPU.ActiveCfg = Debug|Any CPU
		{57C15A88-10C2-4629-8F8F-88456D8102DD}.Debug|Any CPU.Build.0 = Debug|Any CPU
		{57C15A88-10C2-4629-8F8F-88456D8102DD}.Release|Any CPU.ActiveCfg = Release|Any CPU
		{57C15A88-10C2-4629-8F8F-88456D8102DD}.Release|Any CPU.Build.0 = Release|Any CPU
		{D95A91CF-3B5D-4DAC-BBAE-32B89805E0E1}.Debug|Any CPU.ActiveCfg = Debug|Any CPU
		{D95A91CF-3B5D-4DAC-BBAE-32B89805E0E1}.Debug|Any CPU.Build.0 = Debug|Any CPU
		{D95A91CF-3B5D-4DAC-BBAE-32B89805E0E1}.Release|Any CPU.ActiveCfg = Release|Any CPU
		{D95A91CF-3B5D-4DAC-BBAE-32B89805E0E1}.Release|Any CPU.Build.0 = Release|Any CPU
		{661F2FA0-B7C8-479D-84ED-F52DDF1CC423}.Debug|Any CPU.ActiveCfg = Debug|Any CPU
		{661F2FA0-B7C8-479D-84ED-F52DDF1CC423}.Debug|Any CPU.Build.0 = Debug|Any CPU
		{661F2FA0-B7C8-479D-84ED-F52DDF1CC423}.Release|Any CPU.ActiveCfg = Release|Any CPU
		{661F2FA0-B7C8-479D-84ED-F52DDF1CC423}.Release|Any CPU.Build.0 = Release|Any CPU
	EndGlobalSection
	GlobalSection(SolutionProperties) = preSolution
		HideSolutionNode = FALSE
	EndGlobalSection
	GlobalSection(NestedProjects) = preSolution
		{D95A91CF-3B5D-4DAC-BBAE-32B89805E0E1} = {803BF911-8898-4980-B1E7-1BDED5A44A3D}
		{661F2FA0-B7C8-479D-84ED-F52DDF1CC423} = {803BF911-8898-4980-B1E7-1BDED5A44A3D}
	EndGlobalSection
	GlobalSection(ExtensibilityGlobals) = postSolution
		SolutionGuid = {82AE99B3-3BAE-4197-A29B-3522DD5B51B7}
	EndGlobalSection
EndGlobal
